
Microsoft Visual Studio Solution File, Format Version 12.00
# Visual Studio Version 17
VisualStudioVersion = 17.14.36408.4 d17.14
MinimumVisualStudioVersion = 10.0.40219.1
Project("{FAE04EC0-301F-11D3-BF4B-00C04F79EFBC}") = "EVCS.Web", "EVCS.Web\EVCS.Web.csproj", "{23756BFD-28FC-42B7-AAE5-A46FC8AB8FCD}"
EndProject
Project("{FAE04EC0-301F-11D3-BF4B-00C04F79EFBC}") = "EVCS.DataAccess", "EVCS.DataAccess\EVCS.DataAccess.csproj", "{59BDCE00-74BD-4054-AADF-B914EDF7FB9F}"
EndProject
Project("{FAE04EC0-301F-11D3-BF4B-00C04F79EFBC}") = "EVCS.Models", "EVCS.Models\EVCS.Models.csproj", "{886A0C6D-C3FD-4779-ABE0-921874B722BD}"
EndProject
Project("{FAE04EC0-301F-11D3-BF4B-00C04F79EFBC}") = "EVCS.Utility", "EVCS.Utility\EVCS.Utility.csproj", "{91C99B8C-BFFE-4069-901E-F7339321FF2D}"
EndProject
Global
	GlobalSection(SolutionConfigurationPlatforms) = preSolution
		Debug|Any CPU = Debug|Any CPU
		Release|Any CPU = Release|Any CPU
	EndGlobalSection
	GlobalSection(ProjectConfigurationPlatforms) = postSolution
		{23756BFD-28FC-42B7-AAE5-A46FC8AB8FCD}.Debug|Any CPU.ActiveCfg = Debug|Any CPU
		{23756BFD-28FC-42B7-AAE5-A46FC8AB8FCD}.Debug|Any CPU.Build.0 = Debug|Any CPU
		{23756BFD-28FC-42B7-AAE5-A46FC8AB8FCD}.Release|Any CPU.ActiveCfg = Release|Any CPU
		{23756BFD-28FC-42B7-AAE5-A46FC8AB8FCD}.Release|Any CPU.Build.0 = Release|Any CPU
		{59BDCE00-74BD-4054-AADF-B914EDF7FB9F}.Debug|Any CPU.ActiveCfg = Debug|Any CPU
		{59BDCE00-74BD-4054-AADF-B914EDF7FB9F}.Debug|Any CPU.Build.0 = Debug|Any CPU
		{59BDCE00-74BD-4054-AADF-B914EDF7FB9F}.Release|Any CPU.ActiveCfg = Release|Any CPU
		{59BDCE00-74BD-4054-AADF-B914EDF7FB9F}.Release|Any CPU.Build.0 = Release|Any CPU
		{886A0C6D-C3FD-4779-ABE0-921874B722BD}.Debug|Any CPU.ActiveCfg = Debug|Any CPU
		{886A0C6D-C3FD-4779-ABE0-921874B722BD}.Debug|Any CPU.Build.0 = Debug|Any CPU
		{886A0C6D-C3FD-4779-ABE0-921874B722BD}.Release|Any CPU.ActiveCfg = Release|Any CPU
		{886A0C6D-C3FD-4779-ABE0-921874B722BD}.Release|Any CPU.Build.0 = Release|Any CPU
		{91C99B8C-BFFE-4069-901E-F7339321FF2D}.Debug|Any CPU.ActiveCfg = Debug|Any CPU
		{91C99B8C-BFFE-4069-901E-F7339321FF2D}.Debug|Any CPU.Build.0 = Debug|Any CPU
		{91C99B8C-BFFE-4069-901E-F7339321FF2D}.Release|Any CPU.ActiveCfg = Release|Any CPU
		{91C99B8C-BFFE-4069-901E-F7339321FF2D}.Release|Any CPU.Build.0 = Release|Any CPU
	EndGlobalSection
	GlobalSection(SolutionProperties) = preSolution
		HideSolutionNode = FALSE
	EndGlobalSection
	GlobalSection(ExtensibilityGlobals) = postSolution
		SolutionGuid = {EC475899-4218-4EDA-B9A2-B2866F5C82CF}
	EndGlobalSection
EndGlobal
